github.com/wowchemy/wowchemy-hugo-modules/wowchemy-cms/v5 v5.0.0-20220516184432-2d2e58d8f4d3 h1:BTfTzsRfLlM08lqkwQGnznoFaSrH3OHxGqyTb3ofHb0=
github.com/wowchemy/wowchemy-hugo-modules/wowchemy-cms/v5 v5.0.0-20220516184432-2d2e58d8f4d3/go.mod h1:Sp/AKo+2HAPi/IPHp1MEdKPmee+mzO5+efUBUPLPqPE=
github.com/wowchemy/wowchemy-hugo-modules/wowchemy/v5 v5.0.0-20220516184432-2d2e58d8f4d3 h1:JqxdQLfVPqpZtGH2GMbt3eJC+Ecu8DakJb+lRmjLf70=
github.com/wowchemy/wowchemy-hugo-modules/wowchemy/v5 v5.0.0-20220516184432-2d2e58d8f4d3/go.mod h1:2iL9rdrUYyJXX2BeHKfK+QbqZlubCsaR60nQ87NRQTY=
